// !$*UTF8*$!
{
	archiveVersion = 1;
	classes = {
	};
	objectVersion = 56;
	objects = {

/* Begin PBXBuildFile section */
		1D8B24232B7A948200ED796D /* AppDelegate.swift in Sources */ = {isa = PBXBuildFile; fileRef = 1D8B24222B7A948200ED796D /* AppDelegate.swift */; };
		1D8B24252B7A948200ED796D /* SceneDelegate.swift in Sources */ = {isa = PBXBuildFile; fileRef = 1D8B24242B7A948200ED796D /* SceneDelegate.swift */; };
		1D8B24272B7A948200ED796D /* ViewController.swift in Sources */ = {isa = PBXBuildFile; fileRef = 1D8B24262B7A948200ED796D /* ViewController.swift */; };
		1D8B242A2B7A948200ED796D /* Main.storyboard in Resources */ = {isa = PBXBuildFile; fileRef = 1D8B24282B7A948200ED796D /* Main.storyboard */; };
		1D8B242C2B7A948300ED796D /* Assets.xcassets in Resources */ = {isa = PBXBuildFile; fileRef = 1D8B242B2B7A948300ED796D /* Assets.xcassets */; };
		1D8B242F2B7A948300ED796D /* LaunchScreen.storyboard in Resources */ = {isa = PBXBuildFile; fileRef = 1D8B242D2B7A948300ED796D /* LaunchScreen.storyboard */; };
		1D8B24382B7A954300ED796D /* hours_record.json in Resources */ = {isa = PBXBuildFile; fileRef = 1D8B24372B7A954300ED796D /* hours_record.json */; };
		1D8B243F2B7A971F00ED796D /* DayCounterViewModel.swift in Sources */ = {isa = PBXBuildFile; fileRef = 1D8B243E2B7A971F00ED796D /* DayCounterViewModel.swift */; };
		1D8B24412B7A976D00ED796D /* DayRecordModel.swift in Sources */ = {isa = PBXBuildFile; fileRef = 1D8B24402B7A976D00ED796D /* DayRecordModel.swift */; };
		1D8B24442B7A989E00ED796D /* HeaderCell.swift in Sources */ = {isa = PBXBuildFile; fileRef = 1D8B24432B7A989E00ED796D /* HeaderCell.swift */; };
		C3391C991463FDC4309344A8 /* Pods_Matrix_Counter.framework in Frameworks */ = {isa = PBXBuildFile; fileRef = E8EE5B9B22B61C8C04B102EF /* Pods_Matrix_Counter.framework */; };
/* End PBXBuildFile section */

/* Begin PBXFileReference section */
		0313A38191980A1CE4E799C2 /* Pods-Matrix Counter.debug.xcconfig */ = {isa = PBXFileReference; includeInIndex = 1; lastKnownFileType = text.xcconfig; name = "Pods-Matrix Counter.debug.xcconfig"; path = "Target Support Files/Pods-Matrix Counter/Pods-Matrix Counter.debug.xcconfig"; sourceTree = "<group>"; };
		1D8B241F2B7A948200ED796D /* Matrix Counter.app */ = {isa = PBXFileReference; explicitFileType = wrapper.application; includeInIndex = 0; path = "Matrix Counter.app"; sourceTree = BUILT_PRODUCTS_DIR; };
		1D8B24222B7A948200ED796D /* AppDelegate.swift */ = {isa = PBXFileReference; lastKnownFileType = sourcecode.swift; path = AppDelegate.swift; sourceTree = "<group>"; };
		1D8B24242B7A948200ED796D /* SceneDelegate.swift */ = {isa = PBXFileReference; lastKnownFileType = sourcecode.swift; path = SceneDelegate.swift; sourceTree = "<group>"; };
		1D8B24262B7A948200ED796D /* ViewController.swift */ = {isa = PBXFileReference; lastKnownFileType = sourcecode.swift; path = ViewController.swift; sourceTree = "<group>"; };
		1D8B24292B7A948200ED796D /* Base */ = {isa = PBXFileReference; lastKnownFileType = file.storyboard; name = Base; path = Base.lproj/Main.storyboard; sourceTree = "<group>"; };
		1D8B242B2B7A948300ED796D /* Assets.xcassets */ = {isa = PBXFileReference; lastKnownFileType = folder.assetcatalog; path = Assets.xcassets; sourceTree = "<group>"; };
		1D8B242E2B7A948300ED796D /* Base */ = {isa = PBXFileReference; lastKnownFileType = file.storyboard; name = Base; path = Base.lproj/LaunchScreen.storyboard; sourceTree = "<group>"; };
		1D8B24302B7A948300ED796D /* Info.plist */ = {isa = PBXFileReference; lastKnownFileType = text.plist.xml; path = Info.plist; sourceTree = "<group>"; };
		1D8B24372B7A954300ED796D /* hours_record.json */ = {isa = PBXFileReference; fileEncoding = 4; lastKnownFileType = text.json; path = hours_record.json; sourceTree = "<group>"; };
		1D8B243E2B7A971F00ED796D /* DayCounterViewModel.swift */ = {isa = PBXFileReference; lastKnownFileType = sourcecode.swift; path = DayCounterViewModel.swift; sourceTree = "<group>"; };
		1D8B24402B7A976D00ED796D /* DayRecordModel.swift */ = {isa = PBXFileReference; lastKnownFileType = sourcecode.swift; path = DayRecordModel.swift; sourceTree = "<group>"; };
		1D8B24432B7A989E00ED796D /* HeaderCell.swift */ = {isa = PBXFileReference; lastKnownFileType = sourcecode.swift; path = HeaderCell.swift; sourceTree = "<group>"; };
		4B6EEAA9B9846E3354334D48 /* Pods-Matrix Counter.release.xcconfig */ = {isa = PBXFileReference; includeInIndex = 1; lastKnownFileType = text.xcconfig; name = "Pods-Matrix Counter.release.xcconfig"; path = "Target Support Files/Pods-Matrix Counter/Pods-Matrix Counter.release.xcconfig"; sourceTree = "<group>"; };
		E8EE5B9B22B61C8C04B102EF /* Pods_Matrix_Counter.framework */ = {isa = PBXFileReference; explicitFileType = wrapper.framework; includeInIndex = 0; path = Pods_Matrix_Counter.framework; sourceTree = BUILT_PRODUCTS_DIR; };
/* End PBXFileReference section */

/* Begin PBXFrameworksBuildPhase section */
		1D8B241C2B7A948200ED796D /* Frameworks */ = {
			isa = PBXFrameworksBuildPhase;
			buildActionMask = 2147483647;
			files = (
				C3391C991463FDC4309344A8 /* Pods_Matrix_Counter.framework in Frameworks */,
			);
			runOnlyForDeploymentPostprocessing = 0;
		};
/* End PBXFrameworksBuildPhase section */

/* Begin PBXGroup section */
		1D8B24162B7A948200ED796D = {
			isa = PBXGroup;
			children = (
				1D8B24212B7A948200ED796D /* Matrix Counter */,
				1D8B24202B7A948200ED796D /* Products */,
				3E6F3D396D27D6120E963F4F /* Pods */,
				D8764C18D23E52542D381A1D /* Frameworks */,
			);
			sourceTree = "<group>";
		};
		1D8B24202B7A948200ED796D /* Products */ = {
			isa = PBXGroup;
			children = (
				1D8B241F2B7A948200ED796D /* Matrix Counter.app */,
			);
			name = Products;
			sourceTree = "<group>";
		};
		1D8B24212B7A948200ED796D /* Matrix Counter */ = {
			isa = PBXGroup;
			children = (
				1D8B243B2B7A957D00ED796D /* Model */,
				1D8B243A2B7A957700ED796D /* View */,
				1D8B24392B7A956400ED796D /* View Model */,
				1D8B24362B7A951F00ED796D /* JSON */,
				1D8B24222B7A948200ED796D /* AppDelegate.swift */,
				1D8B24242B7A948200ED796D /* SceneDelegate.swift */,
				1D8B24282B7A948200ED796D /* Main.storyboard */,
				1D8B242B2B7A948300ED796D /* Assets.xcassets */,
				1D8B242D2B7A948300ED796D /* LaunchScreen.storyboard */,
				1D8B24302B7A948300ED796D /* Info.plist */,
			);
			path = "Matrix Counter";
			sourceTree = "<group>";
		};
		1D8B24362B7A951F00ED796D /* JSON */ = {
			isa = PBXGroup;
			children = (
				1D8B24372B7A954300ED796D /* hours_record.json */,
			);
			path = JSON;
			sourceTree = "<group>";
		};
		1D8B24392B7A956400ED796D /* View Model */ = {
			isa = PBXGroup;
			children = (
				1D8B243E2B7A971F00ED796D /* DayCounterViewModel.swift */,
			);
			path = "View Model";
			sourceTree = "<group>";
		};
		1D8B243A2B7A957700ED796D /* View */ = {
			isa = PBXGroup;
			children = (
				1D8B24262B7A948200ED796D /* ViewController.swift */,
				1D8B24422B7A987200ED796D /* Cell */,
			);
			path = View;
			sourceTree = "<group>";
		};
		1D8B243B2B7A957D00ED796D /* Model */ = {
			isa = PBXGroup;
			children = (
				1D8B24402B7A976D00ED796D /* DayRecordModel.swift */,
			);
			path = Model;
			sourceTree = "<group>";
		};
		1D8B24422B7A987200ED796D /* Cell */ = {
			isa = PBXGroup;
			children = (
				1D8B24432B7A989E00ED796D /* HeaderCell.swift */,
			);
			path = Cell;
			sourceTree = "<group>";
		};
		3E6F3D396D27D6120E963F4F /* Pods */ = {
			isa = PBXGroup;
			children = (
				0313A38191980A1CE4E799C2 /* Pods-Matrix Counter.debug.xcconfig */,
				4B6EEAA9B9846E3354334D48 /* Pods-Matrix Counter.release.xcconfig */,
			);
			path = Pods;
			sourceTree = "<group>";
		};
		D8764C18D23E52542D381A1D /* Frameworks */ = {
			isa = PBXGroup;
			children = (
				E8EE5B9B22B61C8C04B102EF /* Pods_Matrix_Counter.framework */,
			);
			name = Frameworks;
			sourceTree = "<group>";
		};
/* End PBXGroup section */

/* Begin PBXNativeTarget section */
		1D8B241E2B7A948200ED796D /* Matrix Counter */ = {
			isa = PBXNativeTarget;
			buildConfigurationList = 1D8B24332B7A948300ED796D /* Build configuration list for PBXNativeTarget "Matrix Counter" */;
			buildPhases = (
				C226471721EC81A2541A0CAF /* [CP] Check Pods Manifest.lock */,
				1D8B241B2B7A948200ED796D /* Sources */,
				1D8B241C2B7A948200ED796D /* Frameworks */,
				1D8B241D2B7A948200ED796D /* Resources */,
				F38FDFB53293113D82A85788 /* [CP] Embed Pods Frameworks */,
			);
			buildRules = (
			);
			dependencies = (
			);
			name = "Matrix Counter";
			productName = "Matrix Counter";
			productReference = 1D8B241F2B7A948200ED796D /* Matrix Counter.app */;
			productType = "com.apple.product-type.application";
		};
/* End PBXNativeTarget section */

/* Begin PBXProject section */
		1D8B24172B7A948200ED796D /* Project object */ = {
			isa = PBXProject;
			attributes = {
				BuildIndependentTargetsInParallel = 1;
				LastSwiftUpdateCheck = 1520;
				LastUpgradeCheck = 1520;
				TargetAttributes = {
					1D8B241E2B7A948200ED796D = {
						CreatedOnToolsVersion = 15.2;
					};
				};
			};
			buildConfigurationList = 1D8B241A2B7A948200ED796D /* Build configuration list for PBXProject "Matrix Counter" */;
			compatibilityVersion = "Xcode 14.0";
			developmentRegion = en;
			hasScannedForEncodings = 0;
			knownRegions = (
				en,
				Base,
			);
			mainGroup = 1D8B24162B7A948200ED796D;
			productRefGroup = 1D8B24202B7A948200ED796D /* Products */;
			projectDirPath = "";
			projectRoot = "";
			targets = (
				1D8B241E2B7A948200ED796D /* Matrix Counter */,
			);
		};
/* End PBXProject section */

/* Begin PBXResourcesBuildPhase section */
		1D8B241D2B7A948200ED796D /* Resources */ = {
			isa = PBXResourcesBuildPhase;
			buildActionMask = 2147483647;
			files = (
				1D8B24382B7A954300ED796D /* hours_record.json in Resources */,
				1D8B242F2B7A948300ED796D /* LaunchScreen.storyboard in Resources */,
				1D8B242C2B7A948300ED796D /* Assets.xcassets in Resources */,
				1D8B242A2B7A948200ED796D /* Main.storyboard in Resources */,
			);
			runOnlyForDeploymentPostprocessing = 0;
		};
/* End PBXResourcesBuildPhase section */

/* Begin PBXShellScriptBuildPhase section */
		C226471721EC81A2541A0CAF /* [CP] Check Pods Manifest.lock */ = {
			isa = PBXShellScriptBuildPhase;
			buildActionMask = 2147483647;
			files = (
			);
			inputFileListPaths = (
			);
			inputPaths = (
				"${PODS_PODFILE_DIR_PATH}/Podfile.lock",
				"${PODS_ROOT}/Manifest.lock",
			);
			name = "[CP] Check Pods Manifest.lock";
			outputFileListPaths = (
			);
			outputPaths = (
				"$(DERIVED_FILE_DIR)/Pods-Matrix Counter-checkManifestLockResult.txt",
			);
			runOnlyForDeploymentPostprocessing = 0;
			shellPath = /bin/sh;
			shellScript = "diff \"${PODS_PODFILE_DIR_PATH}/Podfile.lock\" \"${PODS_ROOT}/Manifest.lock\" > /dev/null\nif [ $? != 0 ] ; then\n    # print error to STDERR\n    echo \"error: The sandbox is not in sync with the Podfile.lock. Run 'pod install' or update your CocoaPods installation.\" >&2\n    exit 1\nfi\n# This output is used by Xcode 'outputs' to avoid re-running this script phase.\necho \"SUCCESS\" > \"${SCRIPT_OUTPUT_FILE_0}\"\n";
			showEnvVarsInLog = 0;
		};
		F38FDFB53293113D82A85788 /* [CP] Embed Pods Frameworks */ = {
			isa = PBXShellScriptBuildPhase;
			buildActionMask = 2147483647;
			files = (
			);
			inputFileListPaths = (
				"${PODS_ROOT}/Target Support Files/Pods-Matrix Counter/Pods-Matrix Counter-frameworks-${CONFIGURATION}-input-files.xcfilelist",
			);
			name = "[CP] Embed Pods Frameworks";
			outputFileListPaths = (
				"${PODS_ROOT}/Target Support Files/Pods-Matrix Counter/Pods-Matrix Counter-frameworks-${CONFIGURATION}-output-files.xcfilelist",
			);
			runOnlyForDeploymentPostprocessing = 0;
			shellPath = /bin/sh;
			shellScript = "\"${PODS_ROOT}/Target Support Files/Pods-Matrix Counter/Pods-Matrix Counter-frameworks.sh\"\n";
			showEnvVarsInLog = 0;
		};
/* End PBXShellScriptBuildPhase section */

/* Begin PBXSourcesBuildPhase section */
		1D8B241B2B7A948200ED796D /* Sources */ = {
			isa = PBXSourcesBuildPhase;
			buildActionMask = 2147483647;
			files = (
				1D8B24412B7A976D00ED796D /* DayRecordModel.swift in Sources */,
				1D8B24272B7A948200ED796D /* ViewController.swift in Sources */,
				1D8B24232B7A948200ED796D /* AppDelegate.swift in Sources */,
				1D8B24252B7A948200ED796D /* SceneDelegate.swift in Sources */,
				1D8B24442B7A989E00ED796D /* HeaderCell.swift in Sources */,
				1D8B243F2B7A971F00ED796D /* DayCounterViewModel.swift in Sources */,
			);
			runOnlyForDeploymentPostprocessing = 0;
		};
/* End PBXSourcesBuildPhase section */

/* Begin PBXVariantGroup section */
		1D8B24282B7A948200ED796D /* Main.storyboard */ = {
			isa = PBXVariantGroup;
			children = (
				1D8B24292B7A948200ED796D /* Base */,
			);
			name = Main.storyboard;
			sourceTree = "<group>";
		};
		1D8B242D2B7A948300ED796D /* LaunchScreen.storyboard */ = {
			isa = PBXVariantGroup;
			children = (
				1D8B242E2B7A948300ED796D /* Base */,
			);
			name = LaunchScreen.storyboard;
			sourceTree = "<group>";
		};
/* End PBXVariantGroup section */

/* Begin XCBuildConfiguration section */
		1D8B24312B7A948300ED796D /* Debug */ = {
			isa = XCBuildConfiguration;
			buildSettings = {
				ALWAYS_SEARCH_USER_PATHS = NO;
				ASSETCATALOG_COMPILER_GENERATE_SWIFT_ASSET_SYMBOL_EXTENSIONS = YES;
				CLANG_ANALYZER_NONNULL = YES;
				CLANG_ANALYZER_NUMBER_OBJECT_CONVERSION = YES_AGGRESSIVE;
				CLANG_CXX_LANGUAGE_STANDARD = "gnu++20";
				CLANG_ENABLE_MODULES = YES;
				CLANG_ENABLE_OBJC_ARC = YES;
				CLANG_ENABLE_OBJC_WEAK = YES;
				CLANG_WARN_BLOCK_CAPTURE_AUTORELEASING = YES;
				CLANG_WARN_BOOL_CONVERSION = YES;
				CLANG_WARN_COMMA = YES;
				CLANG_WARN_CONSTANT_CONVERSION = YES;
				CLANG_WARN_DEPRECATED_OBJC_IMPLEMENTATIONS = YES;
				CLANG_WARN_DIRECT_OBJC_ISA_USAGE = YES_ERROR;
				CLANG_WARN_DOCUMENTATION_COMMENTS = YES;
				CLANG_WARN_EMPTY_BODY = YES;
				CLANG_WARN_ENUM_CONVERSION = YES;
				CLANG_WARN_INFINITE_RECURSION = YES;
				CLANG_WARN_INT_CONVERSION = YES;
				CLANG_WARN_NON_LITERAL_NULL_CONVERSION = YES;
				CLANG_WARN_OBJC_IMPLICIT_RETAIN_SELF = YES;
				CLANG_WARN_OBJC_LITERAL_CONVERSION = YES;
				CLANG_WARN_OBJC_ROOT_CLASS = YES_ERROR;
				CLANG_WARN_QUOTED_INCLUDE_IN_FRAMEWORK_HEADER = YES;
				CLANG_WARN_RANGE_LOOP_ANALYSIS = YES;
				CLANG_WARN_STRICT_PROTOTYPES = YES;
				CLANG_WARN_SUSPICIOUS_MOVE = YES;
				CLANG_WARN_UNGUARDED_AVAILABILITY = YES_AGGRESSIVE;
				CLANG_WARN_UNREACHABLE_CODE = YES;
				CLANG_WARN__DUPLICATE_METHOD_MATCH = YES;
				COPY_PHASE_STRIP = NO;
				DEBUG_INFORMATION_FORMAT = dwarf;
				ENABLE_STRICT_OBJC_MSGSEND = YES;
				ENABLE_TESTABILITY = YES;
				ENABLE_USER_SCRIPT_SANDBOXING = YES;
				GCC_C_LANGUAGE_STANDARD = gnu17;
				GCC_DYNAMIC_NO_PIC = NO;
				GCC_NO_COMMON_BLOCKS = YES;
				GCC_OPTIMIZATION_LEVEL = 0;
				GCC_PREPROCESSOR_DEFINITIONS = (
					"DEBUG=1",
					"$(inherited)",
				);
				GCC_WARN_64_TO_32_BIT_CONVERSION = YES;
				GCC_WARN_ABOUT_RETURN_TYPE = YES_ERROR;
				GCC_WARN_UNDECLARED_SELECTOR = YES;
				GCC_WARN_UNINITIALIZED_AUTOS = YES_AGGRESSIVE;
				GCC_WARN_UNUSED_FUNCTION = YES;
				GCC_WARN_UNUSED_VARIABLE = YES;
				IPHONEOS_DEPLOYMENT_TARGET = 17.2;
				LOCALIZATION_PREFERS_STRING_CATALOGS = YES;
				MTL_ENABLE_DEBUG_INFO = INCLUDE_SOURCE;
				MTL_FAST_MATH = YES;
				ONLY_ACTIVE_ARCH = YES;
				SDKROOT = iphoneos;
				SWIFT_ACTIVE_COMPILATION_CONDITIONS = "DEBUG $(inherited)";
				SWIFT_OPTIMIZATION_LEVEL = "-Onone";
			};
			name = Debug;
		};
		1D8B24322B7A948300ED796D /* Release */ = {
			isa = XCBuildConfiguration;
			buildSettings = {
				ALWAYS_SEARCH_USER_PATHS = NO;
				ASSETCATALOG_COMPILER_GENERATE_SWIFT_ASSET_SYMBOL_EXTENSIONS = YES;
				CLANG_ANALYZER_NONNULL = YES;
				CLANG_ANALYZER_NUMBER_OBJECT_CONVERSION = YES_AGGRESSIVE;
				CLANG_CXX_LANGUAGE_STANDARD = "gnu++20";
				CLANG_ENABLE_MODULES = YES;
				CLANG_ENABLE_OBJC_ARC = YES;
				CLANG_ENABLE_OBJC_WEAK = YES;
				CLANG_WARN_BLOCK_CAPTURE_AUTORELEASING = YES;
				CLANG_WARN_BOOL_CONVERSION = YES;
				CLANG_WARN_COMMA = YES;
				CLANG_WARN_CONSTANT_CONVERSION = YES;
				CLANG_WARN_DEPRECATED_OBJC_IMPLEMENTATIONS = YES;
				CLANG_WARN_DIRECT_OBJC_ISA_USAGE = YES_ERROR;
				CLANG_WARN_DOCUMENTATION_COMMENTS = YES;
				CLANG_WARN_EMPTY_BODY = YES;
				CLANG_WARN_ENUM_CONVERSION = YES;
				CLANG_WARN_INFINITE_RECURSION = YES;
				CLANG_WARN_INT_CONVERSION = YES;
				CLANG_WARN_NON_LITERAL_NULL_CONVERSION = YES;
				CLANG_WARN_OBJC_IMPLICIT_RETAIN_SELF = YES;
				CLANG_WARN_OBJC_LITERAL_CONVERSION = YES;
				CLANG_WARN_OBJC_ROOT_CLASS = YES_ERROR;
				CLANG_WARN_QUOTED_INCLUDE_IN_FRAMEWORK_HEADER = YES;
				CLANG_WARN_RANGE_LOOP_ANALYSIS = YES;
				CLANG_WARN_STRICT_PROTOTYPES = YES;
				CLANG_WARN_SUSPICIOUS_MOVE = YES;
				CLANG_WARN_UNGUARDED_AVAILABILITY = YES_AGGRESSIVE;
				CLANG_WARN_UNREACHABLE_CODE = YES;
				CLANG_WARN__DUPLICATE_METHOD_MATCH = YES;
				COPY_PHASE_STRIP = NO;
				DEBUG_INFORMATION_FORMAT = "dwarf-with-dsym";
				ENABLE_NS_ASSERTIONS = NO;
				ENABLE_STRICT_OBJC_MSGSEND = YES;
				ENABLE_USER_SCRIPT_SANDBOXING = YES;
				GCC_C_LANGUAGE_STANDARD = gnu17;
				GCC_NO_COMMON_BLOCKS = YES;
				GCC_WARN_64_TO_32_BIT_CONVERSION = YES;
				GCC_WARN_ABOUT_RETURN_TYPE = YES_ERROR;
				GCC_WARN_UNDECLARED_SELECTOR = YES;
				GCC_WARN_UNINITIALIZED_AUTOS = YES_AGGRESSIVE;
				GCC_WARN_UNUSED_FUNCTION = YES;
				GCC_WARN_UNUSED_VARIABLE = YES;
				IPHONEOS_DEPLOYMENT_TARGET = 17.2;
				LOCALIZATION_PREFERS_STRING_CATALOGS = YES;
				MTL_ENABLE_DEBUG_INFO = NO;
				MTL_FAST_MATH = YES;
				SDKROOT = iphoneos;
				SWIFT_COMPILATION_MODE = wholemodule;
				VALIDATE_PRODUCT = YES;
			};
			name = Release;
		};
		1D8B24342B7A948300ED796D /* Debug */ = {
			isa = XCBuildConfiguration;
			baseConfigurationReference = 0313A38191980A1CE4E799C2 /* Pods-Matrix Counter.debug.xcconfig */;
			buildSettings = {
				ASSETCATALOG_COMPILER_APPICON_NAME = AppIcon;
				ASSETCATALOG_COMPILER_GLOBAL_ACCENT_COLOR_NAME = AccentColor;
				CODE_SIGN_STYLE = Automatic;
				CURRENT_PROJECT_VERSION = 1;
				DEVELOPMENT_TEAM = G699VJZFWY;
				ENABLE_USER_SCRIPT_SANDBOXING = NO;
				GENERATE_INFOPLIST_FILE = YES;
				INFOPLIST_FILE = "Matrix Counter/Info.plist";
				INFOPLIST_KEY_UIApplicationSupportsIndirectInputEvents = YES;
				INFOPLIST_KEY_UILaunchStoryboardName = LaunchScreen;
				INFOPLIST_KEY_UIMainStoryboardFile = Main;
				INFOPLIST_KEY_UISupportedInterfaceOrientations_iPad = "UIInterfaceOrientationPortrait UIInterfaceOrientationPortraitUpsideDown UIInterfaceOrientationLandscapeLeft UIInterfaceOrientationLandscapeRight";
				INFOPLIST_KEY_UISupportedInterfaceOrientations_iPhone = "UIInterfaceOrientationPortrait UIInterfaceOrientationLandscapeLeft UIInterfaceOrientationLandscapeRight";
				IPHONEOS_DEPLOYMENT_TARGET = 14.0;
				LD_RUNPATH_SEARCH_PATHS = (
					"$(inherited)",
					"@executable_path/Frameworks",
				);
				MARKETING_VERSION = 1.0;
				PRODUCT_BUNDLE_IDENTIFIER = "com.SustlabAssignment.in.Matrix-Counter";
				PRODUCT_NAME = "$(TARGET_NAME)";
				SWIFT_EMIT_LOC_STRINGS = YES;
				SWIFT_VERSION = 5.0;
				TARGETED_DEVICE_FAMILY = "1,2";
			};
			name = Debug;
		};
		1D8B24352B7A948300ED796D /* Release */ = {
			isa = XCBuildConfiguration;
			baseConfigurationReference = 4B6EEAA9B9846E3354334D48 /* Pods-Matrix Counter.release.xcconfig */;
			buildSettings = {
				ASSETCATALOG_COMPILER_APPICON_NAME = AppIcon;
				ASSETCATALOG_COMPILER_GLOBAL_ACCENT_COLOR_NAME = AccentColor;
				CODE_SIGN_STYLE = Automatic;
				CURRENT_PROJECT_VERSION = 1;
				DEVELOPMENT_TEAM = G699VJZFWY;
				ENABLE_USER_SCRIPT_SANDBOXING = NO;
				GENERATE_INFOPLIST_FILE = YES;
				INFOPLIST_FILE = "Matrix Counter/Info.plist";
				INFOPLIST_KEY_UIApplicationSupportsIndirectInputEvents = YES;
				INFOPLIST_KEY_UILaunchStoryboardName = LaunchScreen;
				INFOPLIST_KEY_UIMainStoryboardFile = Main;
				INFOPLIST_KEY_UISupportedInterfaceOrientations_iPad = "UIInterfaceOrientationPortrait UIInterfaceOrientationPortraitUpsideDown UIInterfaceOrientationLandscapeLeft UIInterfaceOrientationLandscapeRight";
				INFOPLIST_KEY_UISupportedInterfaceOrientations_iPhone = "UIInterfaceOrientationPortrait UIInterfaceOrientationLandscapeLeft UIInterfaceOrientationLandscapeRight";
				IPHONEOS_DEPLOYMENT_TARGET = 14.0;
				LD_RUNPATH_SEARCH_PATHS = (
					"$(inherited)",
					"@executable_path/Frameworks",
				);
				MARKETING_VERSION = 1.0;
				PRODUCT_BUNDLE_IDENTIFIER = "com.SustlabAssignment.in.Matrix-Counter";
				PRODUCT_NAME = "$(TARGET_NAME)";
				SWIFT_EMIT_LOC_STRINGS = YES;
				SWIFT_VERSION = 5.0;
				TARGETED_DEVICE_FAMILY = "1,2";
			};
			name = Release;
		};
/* End XCBuildConfiguration section */

/* Begin XCConfigurationList section */
		1D8B241A2B7A948200ED796D /* Build configuration list for PBXProject "Matrix Counter" */ = {
			isa = XCConfigurationList;
			buildConfigurations = (
				1D8B24312B7A948300ED796D /* Debug */,
				1D8B24322B7A948300ED796D /* Release */,
			);
			defaultConfigurationIsVisible = 0;
			defaultConfigurationName = Release;
		};
		1D8B24332B7A948300ED796D /* Build configuration list for PBXNativeTarget "Matrix Counter" */ = {
			isa = XCConfigurationList;
			buildConfigurations = (
				1D8B24342B7A948300ED796D /* Debug */,
				1D8B24352B7A948300ED796D /* Release */,
			);
			defaultConfigurationIsVisible = 0;
			defaultConfigurationName = Release;
		};
/* End XCConfigurationList section */
	};
	rootObject = 1D8B24172B7A948200ED796D /* Project object */;
}
